
Microsoft Visual Studio Solution File, Format Version 12.00
# Visual Studio Version 17
VisualStudioVersion = 17.0.31912.275
MinimumVisualStudioVersion = 10.0.40219.1
Project("{FAE04EC0-301F-11D3-BF4B-00C04F79EFBC}") = "MongoDbTest", "MongoDbTest\MongoDbTest.csproj", "{32C94517-4927-45CF-B0BF-C199C5271FFF}"
EndProject
Global
	GlobalSection(SolutionConfigurationPlatforms) = preSolution
		Debug|Any CPU = Debug|Any CPU
		Release|Any CPU = Release|Any CPU
	EndGlobalSection
	GlobalSection(ProjectConfigurationPlatforms) = postSolution
		{32C94517-4927-45CF-B0BF-C199C5271FFF}.Debug|Any CPU.ActiveCfg = Debug|Any CPU
		{32C94517-4927-45CF-B0BF-C199C5271FFF}.Debug|Any CPU.Build.0 = Debug|Any CPU
		{32C94517-4927-45CF-B0BF-C199C5271FFF}.Release|Any CPU.ActiveCfg = Release|Any CPU
		{32C94517-4927-45CF-B0BF-C199C5271FFF}.Release|Any CPU.Build.0 = Release|Any CPU
	EndGlobalSection
	GlobalSection(SolutionProperties) = preSolution
		HideSolutionNode = FALSE
	EndGlobalSection
	GlobalSection(ExtensibilityGlobals) = postSolution
		SolutionGuid = {F5931F9F-447B-447A-BF28-CD521483C2D6}
	EndGlobalSection
EndGlobal
